
Microsoft Visual Studio Solution File, Format Version 12.00
# Visual Studio Version 17
VisualStudioVersion = 17.11.35222.181
MinimumVisualStudioVersion = 10.0.40219.1
Project("{FAE04EC0-301F-11D3-BF4B-00C04F79EFBC}") = "Topic 1 Assignment GUI", "Topic 1 Assignment GUI.csproj", "{EE00B19B-7FC4-4F3D-BEF1-BEBAA7F77646}"
EndProject
Global
	GlobalSection(SolutionConfigurationPlatforms) = preSolution
		Debug|Any CPU = Debug|Any CPU
		Release|Any CPU = Release|Any CPU
	EndGlobalSection
	GlobalSection(ProjectConfigurationPlatforms) = postSolution
		{EE00B19B-7FC4-4F3D-BEF1-BEBAA7F77646}.Debug|Any CPU.ActiveCfg = Debug|Any CPU
		{EE00B19B-7FC4-4F3D-BEF1-BEBAA7F77646}.Debug|Any CPU.Build.0 = Debug|Any CPU
		{EE00B19B-7FC4-4F3D-BEF1-BEBAA7F77646}.Release|Any CPU.ActiveCfg = Release|Any CPU
		{EE00B19B-7FC4-4F3D-BEF1-BEBAA7F77646}.Release|Any CPU.Build.0 = Release|Any CPU
	EndGlobalSection
	GlobalSection(SolutionProperties) = preSolution
		HideSolutionNode = FALSE
	EndGlobalSection
	GlobalSection(ExtensibilityGlobals) = postSolution
		SolutionGuid = {65066E66-CF86-41F6-A7FD-CB93EE14FC04}
	EndGlobalSection
EndGlobal
